
Microsoft Visual Studio Solution File, Format Version 12.00
# Visual Studio 15
VisualStudioVersion = 15.0.28307.421
MinimumVisualStudioVersion = 10.0.40219.1
Project("{00D1A9C2-B5F0-4AF3-8072-F6C62B433612}") = "SFA.DAS.Data.Management.Database", "SFA.DAS.DATA.MANAGEMENT\SFA.DAS.Data.Management.Database.sqlproj", "{6EB2AEBC-B162-4498-954D-A4996D860735}"
EndProject
Global
	GlobalSection(SolutionConfigurationPlatforms) = preSolution
		Debug|Any CPU = Debug|Any CPU
		Release|Any CPU = Release|Any CPU
	EndGlobalSection
	GlobalSection(ProjectConfigurationPlatforms) = postSolution
		{6EB2AEBC-B162-4498-954D-A4996D860735}.Debug|Any CPU.ActiveCfg = Debug|Any CPU
		{6EB2AEBC-B162-4498-954D-A4996D860735}.Debug|Any CPU.Build.0 = Debug|Any CPU
		{6EB2AEBC-B162-4498-954D-A4996D860735}.Debug|Any CPU.Deploy.0 = Debug|Any CPU
		{6EB2AEBC-B162-4498-954D-A4996D860735}.Release|Any CPU.ActiveCfg = Release|Any CPU
		{6EB2AEBC-B162-4498-954D-A4996D860735}.Release|Any CPU.Build.0 = Release|Any CPU
		{6EB2AEBC-B162-4498-954D-A4996D860735}.Release|Any CPU.Deploy.0 = Release|Any CPU
	EndGlobalSection
	GlobalSection(SolutionProperties) = preSolution
		HideSolutionNode = FALSE
	EndGlobalSection
	GlobalSection(ExtensibilityGlobals) = postSolution
		SolutionGuid = {D77CA239-C38E-447E-9EFC-E8C54769D92D}
	EndGlobalSection
EndGlobal
